
Microsoft Visual Studio Solution File, Format Version 12.00
# Visual Studio Version 16
VisualStudioVersion = 16.0.31112.23
MinimumVisualStudioVersion = 10.0.40219.1
Project("{FAE04EC0-301F-11D3-BF4B-00C04F79EFBC}") = "BattleShipLibrary", "BattleShipLibrary\BattleShipLibrary.csproj", "{42B85582-49CA-4782-BA2C-E63738005C19}"
EndProject
Project("{FAE04EC0-301F-11D3-BF4B-00C04F79EFBC}") = "BattleShip", "BattleShip\BattleShip.csproj", "{BEC65A3D-8366-48F7-BD82-DF103DBA61FA}"
EndProject
Global
	GlobalSection(SolutionConfigurationPlatforms) = preSolution
		Debug|Any CPU = Debug|Any CPU
		Release|Any CPU = Release|Any CPU
	EndGlobalSection
	GlobalSection(ProjectConfigurationPlatforms) = postSolution
		{42B85582-49CA-4782-BA2C-E63738005C19}.Debug|Any CPU.ActiveCfg = Debug|Any CPU
		{42B85582-49CA-4782-BA2C-E63738005C19}.Debug|Any CPU.Build.0 = Debug|Any CPU
		{42B85582-49CA-4782-BA2C-E63738005C19}.Release|Any CPU.ActiveCfg = Release|Any CPU
		{42B85582-49CA-4782-BA2C-E63738005C19}.Release|Any CPU.Build.0 = Release|Any CPU
		{BEC65A3D-8366-48F7-BD82-DF103DBA61FA}.Debug|Any CPU.ActiveCfg = Debug|Any CPU
		{BEC65A3D-8366-48F7-BD82-DF103DBA61FA}.Debug|Any CPU.Build.0 = Debug|Any CPU
		{BEC65A3D-8366-48F7-BD82-DF103DBA61FA}.Release|Any CPU.ActiveCfg = Release|Any CPU
		{BEC65A3D-8366-48F7-BD82-DF103DBA61FA}.Release|Any CPU.Build.0 = Release|Any CPU
	EndGlobalSection
	GlobalSection(SolutionProperties) = preSolution
		HideSolutionNode = FALSE
	EndGlobalSection
	GlobalSection(ExtensibilityGlobals) = postSolution
		SolutionGuid = {5B425E0E-AC7A-4F7E-A6FF-A03037725F31}
	EndGlobalSection
EndGlobal
